
Microsoft Visual Studio Solution File, Format Version 12.00
# Visual Studio 2012
Project("{FAE04EC0-301F-11D3-BF4B-00C04F79EFBC}") = "TradingStudiesFree", "TradingStudiesFree\TradingStudiesFree.csproj", "{997B23E3-6ED6-499A-84C0-CBFFC681977F}"
EndProject
Project("{FAE04EC0-301F-11D3-BF4B-00C04F79EFBC}") = "NTBase", "NTBase\NTBase.csproj", "{65E54841-AD09-475A-8585-4AFEFCD65FF8}"
EndProject
Global
	GlobalSection(SolutionConfigurationPlatforms) = preSolution
		Debug|Any CPU = Debug|Any CPU
		Release|Any CPU = Release|Any CPU
	EndGlobalSection
	GlobalSection(ProjectConfigurationPlatforms) = postSolution
		{997B23E3-6ED6-499A-84C0-CBFFC681977F}.Debug|Any CPU.ActiveCfg = Debug|Any CPU
		{997B23E3-6ED6-499A-84C0-CBFFC681977F}.Debug|Any CPU.Build.0 = Debug|Any CPU
		{997B23E3-6ED6-499A-84C0-CBFFC681977F}.Release|Any CPU.ActiveCfg = Release|Any CPU
		{997B23E3-6ED6-499A-84C0-CBFFC681977F}.Release|Any CPU.Build.0 = Release|Any CPU
		{65E54841-AD09-475A-8585-4AFEFCD65FF8}.Debug|Any CPU.ActiveCfg = Debug|Any CPU
		{65E54841-AD09-475A-8585-4AFEFCD65FF8}.Debug|Any CPU.Build.0 = Debug|Any CPU
		{65E54841-AD09-475A-8585-4AFEFCD65FF8}.Release|Any CPU.ActiveCfg = Release|Any CPU
		{65E54841-AD09-475A-8585-4AFEFCD65FF8}.Release|Any CPU.Build.0 = Release|Any CPU
	EndGlobalSection
	GlobalSection(SolutionProperties) = preSolution
		HideSolutionNode = FALSE
	EndGlobalSection
EndGlobal
